
Microsoft Visual Studio Solution File, Format Version 12.00
# Visual Studio 14
VisualStudioVersion = 14.0.24720.0
MinimumVisualStudioVersion = 10.0.40219.1
Project("{FAE04EC0-301F-11D3-BF4B-00C04F79EFBC}") = "GridExampleApp", "GridExampleApp\GridExampleApp.csproj", "{2D48935B-0D3A-4ACE-8D8D-D2AE0A3DF7ED}"
EndProject
Project("{FAE04EC0-301F-11D3-BF4B-00C04F79EFBC}") = "StackPanelExampleApp", "StackPanelExampleApp\StackPanelExampleApp.csproj", "{87069603-8912-47EF-A8D7-1483C705385A}"
EndProject
Project("{FAE04EC0-301F-11D3-BF4B-00C04F79EFBC}") = "EmployeeApp", "EmployeeApp\EmployeeApp.csproj", "{DF6B5660-287C-4C12-8F7D-FE286ED3C5BB}"
EndProject
Project("{FAE04EC0-301F-11D3-BF4B-00C04F79EFBC}") = "T1", "T1\T1.csproj", "{42122A29-A1F7-47B8-85FD-94E555465658}"
EndProject
Project("{FAE04EC0-301F-11D3-BF4B-00C04F79EFBC}") = "T2", "T2\T2.csproj", "{2852E249-A4C7-44B3-A904-D354AB5B986A}"
EndProject
Project("{FAE04EC0-301F-11D3-BF4B-00C04F79EFBC}") = "T4", "T4\T4.csproj", "{09A942AF-393F-43F0-BB06-CE54D79861EF}"
EndProject
Global
	GlobalSection(SolutionConfigurationPlatforms) = preSolution
		Debug|ARM = Debug|ARM
		Debug|x64 = Debug|x64
		Debug|x86 = Debug|x86
		Release|ARM = Release|ARM
		Release|x64 = Release|x64
		Release|x86 = Release|x86
	EndGlobalSection
	GlobalSection(ProjectConfigurationPlatforms) = postSolution
		{2D48935B-0D3A-4ACE-8D8D-D2AE0A3DF7ED}.Debug|ARM.ActiveCfg = Debug|ARM
		{2D48935B-0D3A-4ACE-8D8D-D2AE0A3DF7ED}.Debug|ARM.Build.0 = Debug|ARM
		{2D48935B-0D3A-4ACE-8D8D-D2AE0A3DF7ED}.Debug|ARM.Deploy.0 = Debug|ARM
		{2D48935B-0D3A-4ACE-8D8D-D2AE0A3DF7ED}.Debug|x64.ActiveCfg = Debug|x64
		{2D48935B-0D3A-4ACE-8D8D-D2AE0A3DF7ED}.Debug|x64.Build.0 = Debug|x64
		{2D48935B-0D3A-4ACE-8D8D-D2AE0A3DF7ED}.Debug|x64.Deploy.0 = Debug|x64
		{2D48935B-0D3A-4ACE-8D8D-D2AE0A3DF7ED}.Debug|x86.ActiveCfg = Debug|x86
		{2D48935B-0D3A-4ACE-8D8D-D2AE0A3DF7ED}.Debug|x86.Build.0 = Debug|x86
		{2D48935B-0D3A-4ACE-8D8D-D2AE0A3DF7ED}.Debug|x86.Deploy.0 = Debug|x86
		{2D48935B-0D3A-4ACE-8D8D-D2AE0A3DF7ED}.Release|ARM.ActiveCfg = Release|ARM
		{2D48935B-0D3A-4ACE-8D8D-D2AE0A3DF7ED}.Release|ARM.Build.0 = Release|ARM
		{2D48935B-0D3A-4ACE-8D8D-D2AE0A3DF7ED}.Release|ARM.Deploy.0 = Release|ARM
		{2D48935B-0D3A-4ACE-8D8D-D2AE0A3DF7ED}.Release|x64.ActiveCfg = Release|x64
		{2D48935B-0D3A-4ACE-8D8D-D2AE0A3DF7ED}.Release|x64.Build.0 = Release|x64
		{2D48935B-0D3A-4ACE-8D8D-D2AE0A3DF7ED}.Release|x64.Deploy.0 = Release|x64
		{2D48935B-0D3A-4ACE-8D8D-D2AE0A3DF7ED}.Release|x86.ActiveCfg = Release|x86
		{2D48935B-0D3A-4ACE-8D8D-D2AE0A3DF7ED}.Release|x86.Build.0 = Release|x86
		{2D48935B-0D3A-4ACE-8D8D-D2AE0A3DF7ED}.Release|x86.Deploy.0 = Release|x86
		{87069603-8912-47EF-A8D7-1483C705385A}.Debug|ARM.ActiveCfg = Debug|ARM
		{87069603-8912-47EF-A8D7-1483C705385A}.Debug|ARM.Build.0 = Debug|ARM
		{87069603-8912-47EF-A8D7-1483C705385A}.Debug|ARM.Deploy.0 = Debug|ARM
		{87069603-8912-47EF-A8D7-1483C705385A}.Debug|x64.ActiveCfg = Debug|x64
		{87069603-8912-47EF-A8D7-1483C705385A}.Debug|x64.Build.0 = Debug|x64
		{87069603-8912-47EF-A8D7-1483C705385A}.Debug|x64.Deploy.0 = Debug|x64
		{87069603-8912-47EF-A8D7-1483C705385A}.Debug|x86.ActiveCfg = Debug|x86
		{87069603-8912-47EF-A8D7-1483C705385A}.Debug|x86.Build.0 = Debug|x86
		{87069603-8912-47EF-A8D7-1483C705385A}.Debug|x86.Deploy.0 = Debug|x86
		{87069603-8912-47EF-A8D7-1483C705385A}.Release|ARM.ActiveCfg = Release|ARM
		{87069603-8912-47EF-A8D7-1483C705385A}.Release|ARM.Build.0 = Release|ARM
		{87069603-8912-47EF-A8D7-1483C705385A}.Release|ARM.Deploy.0 = Release|ARM
		{87069603-8912-47EF-A8D7-1483C705385A}.Release|x64.ActiveCfg = Release|x64
		{87069603-8912-47EF-A8D7-1483C705385A}.Release|x64.Build.0 = Release|x64
		{87069603-8912-47EF-A8D7-1483C705385A}.Release|x64.Deploy.0 = Release|x64
		{87069603-8912-47EF-A8D7-1483C705385A}.Release|x86.ActiveCfg = Release|x86
		{87069603-8912-47EF-A8D7-1483C705385A}.Release|x86.Build.0 = Release|x86
		{87069603-8912-47EF-A8D7-1483C705385A}.Release|x86.Deploy.0 = Release|x86
		{DF6B5660-287C-4C12-8F7D-FE286ED3C5BB}.Debug|ARM.ActiveCfg = Debug|ARM
		{DF6B5660-287C-4C12-8F7D-FE286ED3C5BB}.Debug|ARM.Build.0 = Debug|ARM
		{DF6B5660-287C-4C12-8F7D-FE286ED3C5BB}.Debug|ARM.Deploy.0 = Debug|ARM
		{DF6B5660-287C-4C12-8F7D-FE286ED3C5BB}.Debug|x64.ActiveCfg = Debug|x64
		{DF6B5660-287C-4C12-8F7D-FE286ED3C5BB}.Debug|x64.Build.0 = Debug|x64
		{DF6B5660-287C-4C12-8F7D-FE286ED3C5BB}.Debug|x64.Deploy.0 = Debug|x64
		{DF6B5660-287C-4C12-8F7D-FE286ED3C5BB}.Debug|x86.ActiveCfg = Debug|x86
		{DF6B5660-287C-4C12-8F7D-FE286ED3C5BB}.Debug|x86.Build.0 = Debug|x86
		{DF6B5660-287C-4C12-8F7D-FE286ED3C5BB}.Debug|x86.Deploy.0 = Debug|x86
		{DF6B5660-287C-4C12-8F7D-FE286ED3C5BB}.Release|ARM.ActiveCfg = Release|ARM
		{DF6B5660-287C-4C12-8F7D-FE286ED3C5BB}.Release|ARM.Build.0 = Release|ARM
		{DF6B5660-287C-4C12-8F7D-FE286ED3C5BB}.Release|ARM.Deploy.0 = Release|ARM
		{DF6B5660-287C-4C12-8F7D-FE286ED3C5BB}.Release|x64.ActiveCfg = Release|x64
		{DF6B5660-287C-4C12-8F7D-FE286ED3C5BB}.Release|x64.Build.0 = Release|x64
		{DF6B5660-287C-4C12-8F7D-FE286ED3C5BB}.Release|x64.Deploy.0 = Release|x64
		{DF6B5660-287C-4C12-8F7D-FE286ED3C5BB}.Release|x86.ActiveCfg = Release|x86
		{DF6B5660-287C-4C12-8F7D-FE286ED3C5BB}.Release|x86.Build.0 = Release|x86
		{DF6B5660-287C-4C12-8F7D-FE286ED3C5BB}.Release|x86.Deploy.0 = Release|x86
		{42122A29-A1F7-47B8-85FD-94E555465658}.Debug|ARM.ActiveCfg = Debug|ARM
		{42122A29-A1F7-47B8-85FD-94E555465658}.Debug|ARM.Build.0 = Debug|ARM
		{42122A29-A1F7-47B8-85FD-94E555465658}.Debug|ARM.Deploy.0 = Debug|ARM
		{42122A29-A1F7-47B8-85FD-94E555465658}.Debug|x64.ActiveCfg = Debug|x64
		{42122A29-A1F7-47B8-85FD-94E555465658}.Debug|x64.Build.0 = Debug|x64
		{42122A29-A1F7-47B8-85FD-94E555465658}.Debug|x64.Deploy.0 = Debug|x64
		{42122A29-A1F7-47B8-85FD-94E555465658}.Debug|x86.ActiveCfg = Debug|x86
		{42122A29-A1F7-47B8-85FD-94E555465658}.Debug|x86.Build.0 = Debug|x86
		{42122A29-A1F7-47B8-85FD-94E555465658}.Debug|x86.Deploy.0 = Debug|x86
		{42122A29-A1F7-47B8-85FD-94E555465658}.Release|ARM.ActiveCfg = Release|ARM
		{42122A29-A1F7-47B8-85FD-94E555465658}.Release|ARM.Build.0 = Release|ARM
		{42122A29-A1F7-47B8-85FD-94E555465658}.Release|ARM.Deploy.0 = Release|ARM
		{42122A29-A1F7-47B8-85FD-94E555465658}.Release|x64.ActiveCfg = Release|x64
		{42122A29-A1F7-47B8-85FD-94E555465658}.Release|x64.Build.0 = Release|x64
		{42122A29-A1F7-47B8-85FD-94E555465658}.Release|x64.Deploy.0 = Release|x64
		{42122A29-A1F7-47B8-85FD-94E555465658}.Release|x86.ActiveCfg = Release|x86
		{42122A29-A1F7-47B8-85FD-94E555465658}.Release|x86.Build.0 = Release|x86
		{42122A29-A1F7-47B8-85FD-94E555465658}.Release|x86.Deploy.0 = Release|x86
		{2852E249-A4C7-44B3-A904-D354AB5B986A}.Debug|ARM.ActiveCfg = Debug|ARM
		{2852E249-A4C7-44B3-A904-D354AB5B986A}.Debug|ARM.Build.0 = Debug|ARM
		{2852E249-A4C7-44B3-A904-D354AB5B986A}.Debug|ARM.Deploy.0 = Debug|ARM
		{2852E249-A4C7-44B3-A904-D354AB5B986A}.Debug|x64.ActiveCfg = Debug|x64
		{2852E249-A4C7-44B3-A904-D354AB5B986A}.Debug|x64.Build.0 = Debug|x64
		{2852E249-A4C7-44B3-A904-D354AB5B986A}.Debug|x64.Deploy.0 = Debug|x64
		{2852E249-A4C7-44B3-A904-D354AB5B986A}.Debug|x86.ActiveCfg = Debug|x86
		{2852E249-A4C7-44B3-A904-D354AB5B986A}.Debug|x86.Build.0 = Debug|x86
		{2852E249-A4C7-44B3-A904-D354AB5B986A}.Debug|x86.Deploy.0 = Debug|x86
		{2852E249-A4C7-44B3-A904-D354AB5B986A}.Release|ARM.ActiveCfg = Release|ARM
		{2852E249-A4C7-44B3-A904-D354AB5B986A}.Release|ARM.Build.0 = Release|ARM
		{2852E249-A4C7-44B3-A904-D354AB5B986A}.Release|ARM.Deploy.0 = Release|ARM
		{2852E249-A4C7-44B3-A904-D354AB5B986A}.Release|x64.ActiveCfg = Release|x64
		{2852E249-A4C7-44B3-A904-D354AB5B986A}.Release|x64.Build.0 = Release|x64
		{2852E249-A4C7-44B3-A904-D354AB5B986A}.Release|x64.Deploy.0 = Release|x64
		{2852E249-A4C7-44B3-A904-D354AB5B986A}.Release|x86.ActiveCfg = Release|x86
		{2852E249-A4C7-44B3-A904-D354AB5B986A}.Release|x86.Build.0 = Release|x86
		{2852E249-A4C7-44B3-A904-D354AB5B986A}.Release|x86.Deploy.0 = Release|x86
		{09A942AF-393F-43F0-BB06-CE54D79861EF}.Debug|ARM.ActiveCfg = Debug|ARM
		{09A942AF-393F-43F0-BB06-CE54D79861EF}.Debug|ARM.Build.0 = Debug|ARM
		{09A942AF-393F-43F0-BB06-CE54D79861EF}.Debug|ARM.Deploy.0 = Debug|ARM
		{09A942AF-393F-43F0-BB06-CE54D79861EF}.Debug|x64.ActiveCfg = Debug|x64
		{09A942AF-393F-43F0-BB06-CE54D79861EF}.Debug|x64.Build.0 = Debug|x64
		{09A942AF-393F-43F0-BB06-CE54D79861EF}.Debug|x64.Deploy.0 = Debug|x64
		{09A942AF-393F-43F0-BB06-CE54D79861EF}.Debug|x86.ActiveCfg = Debug|x86
		{09A942AF-393F-43F0-BB06-CE54D79861EF}.Debug|x86.Build.0 = Debug|x86
		{09A942AF-393F-43F0-BB06-CE54D79861EF}.Debug|x86.Deploy.0 = Debug|x86
		{09A942AF-393F-43F0-BB06-CE54D79861EF}.Release|ARM.ActiveCfg = Release|ARM
		{09A942AF-393F-43F0-BB06-CE54D79861EF}.Release|ARM.Build.0 = Release|ARM
		{09A942AF-393F-43F0-BB06-CE54D79861EF}.Release|ARM.Deploy.0 = Release|ARM
		{09A942AF-393F-43F0-BB06-CE54D79861EF}.Release|x64.ActiveCfg = Release|x64
		{09A942AF-393F-43F0-BB06-CE54D79861EF}.Release|x64.Build.0 = Release|x64
		{09A942AF-393F-43F0-BB06-CE54D79861EF}.Release|x64.Deploy.0 = Release|x64
		{09A942AF-393F-43F0-BB06-CE54D79861EF}.Release|x86.ActiveCfg = Release|x86
		{09A942AF-393F-43F0-BB06-CE54D79861EF}.Release|x86.Build.0 = Release|x86
		{09A942AF-393F-43F0-BB06-CE54D79861EF}.Release|x86.Deploy.0 = Release|x86
	EndGlobalSection
	GlobalSection(SolutionProperties) = preSolution
		HideSolutionNode = FALSE
	EndGlobalSection
EndGlobal
